{
  "object": {
    "pins": [
      {
        "package": "Facebook",
        "repositoryURL": "https://github.com/facebook/facebook-ios-sdk",
        "state": {
          "branch": null,
          "revision": "8c6eeab820a3c6a3a638dd48c67270ad559410b4",
          "version": "11.0.1"
        }
      }
    ]
  },
  "version": 1
}
